
Microsoft Visual Studio Solution File, Format Version 12.00
# Visual Studio Version 16
VisualStudioVersion = 16.0.31005.135
MinimumVisualStudioVersion = 10.0.40219.1
Project("{FAE04EC0-301F-11D3-BF4B-00C04F79EFBC}") = "Ibrahim.Test", "Ibrahim.Test\Ibrahim.Test.csproj", "{7843B3BD-037C-4A82-88BB-16F0810C2691}"
EndProject
Project("{FAE04EC0-301F-11D3-BF4B-00C04F79EFBC}") = "Ibrahim.OutlookApi", "Ibrahim.OutlookApi\Ibrahim.OutlookApi.csproj", "{5265B798-70EC-4FDD-8DE7-5EF84371C45F}"
EndProject
Global
	GlobalSection(SolutionConfigurationPlatforms) = preSolution
		Debug|Any CPU = Debug|Any CPU
		Release|Any CPU = Release|Any CPU
	EndGlobalSection
	GlobalSection(ProjectConfigurationPlatforms) = postSolution
		{7843B3BD-037C-4A82-88BB-16F0810C2691}.Debug|Any CPU.ActiveCfg = Debug|Any CPU
		{7843B3BD-037C-4A82-88BB-16F0810C2691}.Debug|Any CPU.Build.0 = Debug|Any CPU
		{7843B3BD-037C-4A82-88BB-16F0810C2691}.Release|Any CPU.ActiveCfg = Release|Any CPU
		{7843B3BD-037C-4A82-88BB-16F0810C2691}.Release|Any CPU.Build.0 = Release|Any CPU
		{5265B798-70EC-4FDD-8DE7-5EF84371C45F}.Debug|Any CPU.ActiveCfg = Debug|Any CPU
		{5265B798-70EC-4FDD-8DE7-5EF84371C45F}.Debug|Any CPU.Build.0 = Debug|Any CPU
		{5265B798-70EC-4FDD-8DE7-5EF84371C45F}.Release|Any CPU.ActiveCfg = Release|Any CPU
		{5265B798-70EC-4FDD-8DE7-5EF84371C45F}.Release|Any CPU.Build.0 = Release|Any CPU
	EndGlobalSection
	GlobalSection(SolutionProperties) = preSolution
		HideSolutionNode = FALSE
	EndGlobalSection
	GlobalSection(ExtensibilityGlobals) = postSolution
		SolutionGuid = {E869B2F9-0070-4F66-8DFC-1A2FF61B6925}
	EndGlobalSection
EndGlobal
